// !$*UTF8*$!
{
	archiveVersion = 1;
	classes = {
	};
	objectVersion = 55;
	objects = {

/* Begin PBXBuildFile section */
		7B082DF728E965C1002C0F45 /* AppDelegate.swift in Sources */ = {isa = PBXBuildFile; fileRef = 7B082DF628E965C1002C0F45 /* AppDelegate.swift */; };
		7B082DF928E965C1002C0F45 /* SceneDelegate.swift in Sources */ = {isa = PBXBuildFile; fileRef = 7B082DF828E965C1002C0F45 /* SceneDelegate.swift */; };
		7B082DFB28E965C1002C0F45 /* ViewController.swift in Sources */ = {isa = PBXBuildFile; fileRef = 7B082DFA28E965C1002C0F45 /* ViewController.swift */; };
		7B082E0028E965C1002C0F45 /* Assets.xcassets in Resources */ = {isa = PBXBuildFile; fileRef = 7B082DFF28E965C1002C0F45 /* Assets.xcassets */; };
		7B082E0328E965C1002C0F45 /* LaunchScreen.storyboard in Resources */ = {isa = PBXBuildFile; fileRef = 7B082E0128E965C1002C0F45 /* LaunchScreen.storyboard */; };
		7B082E0E28E965C1002C0F45 /* IKEATests.swift in Sources */ = {isa = PBXBuildFile; fileRef = 7B082E0D28E965C1002C0F45 /* IKEATests.swift */; };
		7B082E1828E965C2002C0F45 /* IKEAUITests.swift in Sources */ = {isa = PBXBuildFile; fileRef = 7B082E1728E965C2002C0F45 /* IKEAUITests.swift */; };
		7B082E1A28E965C2002C0F45 /* IKEAUITestsLaunchTests.swift in Sources */ = {isa = PBXBuildFile; fileRef = 7B082E1928E965C2002C0F45 /* IKEAUITestsLaunchTests.swift */; };
		7B082E2928E9B86B002C0F45 /* SearchViewController.swift in Sources */ = {isa = PBXBuildFile; fileRef = 7B082E2828E9B86B002C0F45 /* SearchViewController.swift */; };
		7B082E2F28EAD2DC002C0F45 /* SearchBarSectionView.swift in Sources */ = {isa = PBXBuildFile; fileRef = 7B082E2E28EAD2DC002C0F45 /* SearchBarSectionView.swift */; };
		7B306FA728ED741A004A1805 /* RecentProductSectionView.swift in Sources */ = {isa = PBXBuildFile; fileRef = 7B306FA628ED741A004A1805 /* RecentProductSectionView.swift */; };
		7B33750C28F319D600C822E4 /* RecentProductCollectionViewCell.swift in Sources */ = {isa = PBXBuildFile; fileRef = 7B33750B28F319D600C822E4 /* RecentProductCollectionViewCell.swift */; };
/* End PBXBuildFile section */

/* Begin PBXContainerItemProxy section */
		7B082E0A28E965C1002C0F45 /* PBXContainerItemProxy */ = {
			isa = PBXContainerItemProxy;
			containerPortal = 7B082DEB28E965C1002C0F45 /* Project object */;
			proxyType = 1;
			remoteGlobalIDString = 7B082DF228E965C1002C0F45;
			remoteInfo = IKEA;
		};
		7B082E1428E965C2002C0F45 /* PBXContainerItemProxy */ = {
			isa = PBXContainerItemProxy;
			containerPortal = 7B082DEB28E965C1002C0F45 /* Project object */;
			proxyType = 1;
			remoteGlobalIDString = 7B082DF228E965C1002C0F45;
			remoteInfo = IKEA;
		};
/* End PBXContainerItemProxy section */

/* Begin PBXFileReference section */
		7B082DF328E965C1002C0F45 /* IKEA.app */ = {isa = PBXFileReference; explicitFileType = wrapper.application; includeInIndex = 0; path = IKEA.app; sourceTree = BUILT_PRODUCTS_DIR; };
		7B082DF628E965C1002C0F45 /* AppDelegate.swift */ = {isa = PBXFileReference; lastKnownFileType = sourcecode.swift; path = AppDelegate.swift; sourceTree = "<group>"; };
		7B082DF828E965C1002C0F45 /* SceneDelegate.swift */ = {isa = PBXFileReference; lastKnownFileType = sourcecode.swift; path = SceneDelegate.swift; sourceTree = "<group>"; };
		7B082DFA28E965C1002C0F45 /* ViewController.swift */ = {isa = PBXFileReference; lastKnownFileType = sourcecode.swift; path = ViewController.swift; sourceTree = "<group>"; };
		7B082DFF28E965C1002C0F45 /* Assets.xcassets */ = {isa = PBXFileReference; lastKnownFileType = folder.assetcatalog; path = Assets.xcassets; sourceTree = "<group>"; };
		7B082E0228E965C1002C0F45 /* Base */ = {isa = PBXFileReference; lastKnownFileType = file.storyboard; name = Base; path = Base.lproj/LaunchScreen.storyboard; sourceTree = "<group>"; };
		7B082E0428E965C1002C0F45 /* Info.plist */ = {isa = PBXFileReference; lastKnownFileType = text.plist.xml; path = Info.plist; sourceTree = "<group>"; };
		7B082E0928E965C1002C0F45 /* IKEATests.xctest */ = {isa = PBXFileReference; explicitFileType = wrapper.cfbundle; includeInIndex = 0; path = IKEATests.xctest; sourceTree = BUILT_PRODUCTS_DIR; };
		7B082E0D28E965C1002C0F45 /* IKEATests.swift */ = {isa = PBXFileReference; lastKnownFileType = sourcecode.swift; path = IKEATests.swift; sourceTree = "<group>"; };
		7B082E1328E965C2002C0F45 /* IKEAUITests.xctest */ = {isa = PBXFileReference; explicitFileType = wrapper.cfbundle; includeInIndex = 0; path = IKEAUITests.xctest; sourceTree = BUILT_PRODUCTS_DIR; };
		7B082E1728E965C2002C0F45 /* IKEAUITests.swift */ = {isa = PBXFileReference; lastKnownFileType = sourcecode.swift; path = IKEAUITests.swift; sourceTree = "<group>"; };
		7B082E1928E965C2002C0F45 /* IKEAUITestsLaunchTests.swift */ = {isa = PBXFileReference; lastKnownFileType = sourcecode.swift; path = IKEAUITestsLaunchTests.swift; sourceTree = "<group>"; };
		7B082E2828E9B86B002C0F45 /* SearchViewController.swift */ = {isa = PBXFileReference; lastKnownFileType = sourcecode.swift; path = SearchViewController.swift; sourceTree = "<group>"; };
		7B082E2E28EAD2DC002C0F45 /* SearchBarSectionView.swift */ = {isa = PBXFileReference; lastKnownFileType = sourcecode.swift; path = SearchBarSectionView.swift; sourceTree = "<group>"; };
		7B306FA628ED741A004A1805 /* RecentProductSectionView.swift */ = {isa = PBXFileReference; lastKnownFileType = sourcecode.swift; path = RecentProductSectionView.swift; sourceTree = "<group>"; };
		7B33750B28F319D600C822E4 /* RecentProductCollectionViewCell.swift */ = {isa = PBXFileReference; lastKnownFileType = sourcecode.swift; path = RecentProductCollectionViewCell.swift; sourceTree = "<group>"; };
/* End PBXFileReference section */

/* Begin PBXFrameworksBuildPhase section */
		7B082DF028E965C1002C0F45 /* Frameworks */ = {
			isa = PBXFrameworksBuildPhase;
			buildActionMask = 2147483647;
			files = (
			);
			runOnlyForDeploymentPostprocessing = 0;
		};
		7B082E0628E965C1002C0F45 /* Frameworks */ = {
			isa = PBXFrameworksBuildPhase;
			buildActionMask = 2147483647;
			files = (
			);
			runOnlyForDeploymentPostprocessing = 0;
		};
		7B082E1028E965C2002C0F45 /* Frameworks */ = {
			isa = PBXFrameworksBuildPhase;
			buildActionMask = 2147483647;
			files = (
			);
			runOnlyForDeploymentPostprocessing = 0;
		};
/* End PBXFrameworksBuildPhase section */

/* Begin PBXGroup section */
		7B082DEA28E965C1002C0F45 = {
			isa = PBXGroup;
			children = (
				7B082DF528E965C1002C0F45 /* IKEA */,
				7B082E0C28E965C1002C0F45 /* IKEATests */,
				7B082E1628E965C2002C0F45 /* IKEAUITests */,
				7B082DF428E965C1002C0F45 /* Products */,
			);
			sourceTree = "<group>";
		};
		7B082DF428E965C1002C0F45 /* Products */ = {
			isa = PBXGroup;
			children = (
				7B082DF328E965C1002C0F45 /* IKEA.app */,
				7B082E0928E965C1002C0F45 /* IKEATests.xctest */,
				7B082E1328E965C2002C0F45 /* IKEAUITests.xctest */,
			);
			name = Products;
			sourceTree = "<group>";
		};
		7B082DF528E965C1002C0F45 /* IKEA */ = {
			isa = PBXGroup;
			children = (
				7B082DF628E965C1002C0F45 /* AppDelegate.swift */,
				7B082DF828E965C1002C0F45 /* SceneDelegate.swift */,
				7B082DFA28E965C1002C0F45 /* ViewController.swift */,
				7B082E2828E9B86B002C0F45 /* SearchViewController.swift */,
				7B082E2D28EAD295002C0F45 /* SupportingView */,
				7B082DFF28E965C1002C0F45 /* Assets.xcassets */,
				7B082E0128E965C1002C0F45 /* LaunchScreen.storyboard */,
				7B082E0428E965C1002C0F45 /* Info.plist */,
			);
			path = IKEA;
			sourceTree = "<group>";
		};
		7B082E0C28E965C1002C0F45 /* IKEATests */ = {
			isa = PBXGroup;
			children = (
				7B082E0D28E965C1002C0F45 /* IKEATests.swift */,
			);
			path = IKEATests;
			sourceTree = "<group>";
		};
		7B082E1628E965C2002C0F45 /* IKEAUITests */ = {
			isa = PBXGroup;
			children = (
				7B082E1728E965C2002C0F45 /* IKEAUITests.swift */,
				7B082E1928E965C2002C0F45 /* IKEAUITestsLaunchTests.swift */,
			);
			path = IKEAUITests;
			sourceTree = "<group>";
		};
		7B082E2D28EAD295002C0F45 /* SupportingView */ = {
			isa = PBXGroup;
			children = (
				7B082E2E28EAD2DC002C0F45 /* SearchBarSectionView.swift */,
				7B306FA628ED741A004A1805 /* RecentProductSectionView.swift */,
				7B33750B28F319D600C822E4 /* RecentProductCollectionViewCell.swift */,
			);
			path = SupportingView;
			sourceTree = "<group>";
		};
/* End PBXGroup section */

/* Begin PBXNativeTarget section */
		7B082DF228E965C1002C0F45 /* IKEA */ = {
			isa = PBXNativeTarget;
			buildConfigurationList = 7B082E1D28E965C2002C0F45 /* Build configuration list for PBXNativeTarget "IKEA" */;
			buildPhases = (
				7B082DEF28E965C1002C0F45 /* Sources */,
				7B082DF028E965C1002C0F45 /* Frameworks */,
				7B082DF128E965C1002C0F45 /* Resources */,
			);
			buildRules = (
			);
			dependencies = (
			);
			name = IKEA;
			productName = IKEA;
			productReference = 7B082DF328E965C1002C0F45 /* IKEA.app */;
			productType = "com.apple.product-type.application";
		};
		7B082E0828E965C1002C0F45 /* IKEATests */ = {
			isa = PBXNativeTarget;
			buildConfigurationList = 7B082E2028E965C2002C0F45 /* Build configuration list for PBXNativeTarget "IKEATests" */;
			buildPhases = (
				7B082E0528E965C1002C0F45 /* Sources */,
				7B082E0628E965C1002C0F45 /* Frameworks */,
				7B082E0728E965C1002C0F45 /* Resources */,
			);
			buildRules = (
			);
			dependencies = (
				7B082E0B28E965C1002C0F45 /* PBXTargetDependency */,
			);
			name = IKEATests;
			productName = IKEATests;
			productReference = 7B082E0928E965C1002C0F45 /* IKEATests.xctest */;
			productType = "com.apple.product-type.bundle.unit-test";
		};
		7B082E1228E965C2002C0F45 /* IKEAUITests */ = {
			isa = PBXNativeTarget;
			buildConfigurationList = 7B082E2328E965C2002C0F45 /* Build configuration list for PBXNativeTarget "IKEAUITests" */;
			buildPhases = (
				7B082E0F28E965C2002C0F45 /* Sources */,
				7B082E1028E965C2002C0F45 /* Frameworks */,
				7B082E1128E965C2002C0F45 /* Resources */,
			);
			buildRules = (
			);
			dependencies = (
				7B082E1528E965C2002C0F45 /* PBXTargetDependency */,
			);
			name = IKEAUITests;
			productName = IKEAUITests;
			productReference = 7B082E1328E965C2002C0F45 /* IKEAUITests.xctest */;
			productType = "com.apple.product-type.bundle.ui-testing";
		};
/* End PBXNativeTarget section */

/* Begin PBXProject section */
		7B082DEB28E965C1002C0F45 /* Project object */ = {
			isa = PBXProject;
			attributes = {
				BuildIndependentTargetsInParallel = 1;
				LastSwiftUpdateCheck = 1330;
				LastUpgradeCheck = 1330;
				TargetAttributes = {
					7B082DF228E965C1002C0F45 = {
						CreatedOnToolsVersion = 13.3;
					};
					7B082E0828E965C1002C0F45 = {
						CreatedOnToolsVersion = 13.3;
						TestTargetID = 7B082DF228E965C1002C0F45;
					};
					7B082E1228E965C2002C0F45 = {
						CreatedOnToolsVersion = 13.3;
						TestTargetID = 7B082DF228E965C1002C0F45;
					};
				};
			};
			buildConfigurationList = 7B082DEE28E965C1002C0F45 /* Build configuration list for PBXProject "IKEA" */;
			compatibilityVersion = "Xcode 13.0";
			developmentRegion = en;
			hasScannedForEncodings = 0;
			knownRegions = (
				en,
				Base,
			);
			mainGroup = 7B082DEA28E965C1002C0F45;
			productRefGroup = 7B082DF428E965C1002C0F45 /* Products */;
			projectDirPath = "";
			projectRoot = "";
			targets = (
				7B082DF228E965C1002C0F45 /* IKEA */,
				7B082E0828E965C1002C0F45 /* IKEATests */,
				7B082E1228E965C2002C0F45 /* IKEAUITests */,
			);
		};
/* End PBXProject section */

/* Begin PBXResourcesBuildPhase section */
		7B082DF128E965C1002C0F45 /* Resources */ = {
			isa = PBXResourcesBuildPhase;
			buildActionMask = 2147483647;
			files = (
				7B082E0328E965C1002C0F45 /* LaunchScreen.storyboard in Resources */,
				7B082E0028E965C1002C0F45 /* Assets.xcassets in Resources */,
			);
			runOnlyForDeploymentPostprocessing = 0;
		};
		7B082E0728E965C1002C0F45 /* Resources */ = {
			isa = PBXResourcesBuildPhase;
			buildActionMask = 2147483647;
			files = (
			);
			runOnlyForDeploymentPostprocessing = 0;
		};
		7B082E1128E965C2002C0F45 /* Resources */ = {
			isa = PBXResourcesBuildPhase;
			buildActionMask = 2147483647;
			files = (
			);
			runOnlyForDeploymentPostprocessing = 0;
		};
/* End PBXResourcesBuildPhase section */

/* Begin PBXSourcesBuildPhase section */
		7B082DEF28E965C1002C0F45 /* Sources */ = {
			isa = PBXSourcesBuildPhase;
			buildActionMask = 2147483647;
			files = (
				7B082DFB28E965C1002C0F45 /* ViewController.swift in Sources */,
				7B306FA728ED741A004A1805 /* RecentProductSectionView.swift in Sources */,
				7B082E2F28EAD2DC002C0F45 /* SearchBarSectionView.swift in Sources */,
				7B082DF728E965C1002C0F45 /* AppDelegate.swift in Sources */,
				7B33750C28F319D600C822E4 /* RecentProductCollectionViewCell.swift in Sources */,
				7B082E2928E9B86B002C0F45 /* SearchViewController.swift in Sources */,
				7B082DF928E965C1002C0F45 /* SceneDelegate.swift in Sources */,
			);
			runOnlyForDeploymentPostprocessing = 0;
		};
		7B082E0528E965C1002C0F45 /* Sources */ = {
			isa = PBXSourcesBuildPhase;
			buildActionMask = 2147483647;
			files = (
				7B082E0E28E965C1002C0F45 /* IKEATests.swift in Sources */,
			);
			runOnlyForDeploymentPostprocessing = 0;
		};
		7B082E0F28E965C2002C0F45 /* Sources */ = {
			isa = PBXSourcesBuildPhase;
			buildActionMask = 2147483647;
			files = (
				7B082E1A28E965C2002C0F45 /* IKEAUITestsLaunchTests.swift in Sources */,
				7B082E1828E965C2002C0F45 /* IKEAUITests.swift in Sources */,
			);
			runOnlyForDeploymentPostprocessing = 0;
		};
/* End PBXSourcesBuildPhase section */

/* Begin PBXTargetDependency section */
		7B082E0B28E965C1002C0F45 /* PBXTargetDependency */ = {
			isa = PBXTargetDependency;
			target = 7B082DF228E965C1002C0F45 /* IKEA */;
			targetProxy = 7B082E0A28E965C1002C0F45 /* PBXContainerItemProxy */;
		};
		7B082E1528E965C2002C0F45 /* PBXTargetDependency */ = {
			isa = PBXTargetDependency;
			target = 7B082DF228E965C1002C0F45 /* IKEA */;
			targetProxy = 7B082E1428E965C2002C0F45 /* PBXContainerItemProxy */;
		};
/* End PBXTargetDependency section */

/* Begin PBXVariantGroup section */
		7B082E0128E965C1002C0F45 /* LaunchScreen.storyboard */ = {
			isa = PBXVariantGroup;
			children = (
				7B082E0228E965C1002C0F45 /* Base */,
			);
			name = LaunchScreen.storyboard;
			sourceTree = "<group>";
		};
/* End PBXVariantGroup section */

/* Begin XCBuildConfiguration section */
		7B082E1B28E965C2002C0F45 /* Debug */ = {
			isa = XCBuildConfiguration;
			buildSettings = {
				ALWAYS_SEARCH_USER_PATHS = NO;
				CLANG_ANALYZER_NONNULL = YES;
				CLANG_ANALYZER_NUMBER_OBJECT_CONVERSION = YES_AGGRESSIVE;
				CLANG_CXX_LANGUAGE_STANDARD = "gnu++17";
				CLANG_ENABLE_MODULES = YES;
				CLANG_ENABLE_OBJC_ARC = YES;
				CLANG_ENABLE_OBJC_WEAK = YES;
				CLANG_WARN_BLOCK_CAPTURE_AUTORELEASING = YES;
				CLANG_WARN_BOOL_CONVERSION = YES;
				CLANG_WARN_COMMA = YES;
				CLANG_WARN_CONSTANT_CONVERSION = YES;
				CLANG_WARN_DEPRECATED_OBJC_IMPLEMENTATIONS = YES;
				CLANG_WARN_DIRECT_OBJC_ISA_USAGE = YES_ERROR;
				CLANG_WARN_DOCUMENTATION_COMMENTS = YES;
				CLANG_WARN_EMPTY_BODY = YES;
				CLANG_WARN_ENUM_CONVERSION = YES;
				CLANG_WARN_INFINITE_RECURSION = YES;
				CLANG_WARN_INT_CONVERSION = YES;
				CLANG_WARN_NON_LITERAL_NULL_CONVERSION = YES;
				CLANG_WARN_OBJC_IMPLICIT_RETAIN_SELF = YES;
				CLANG_WARN_OBJC_LITERAL_CONVERSION = YES;
				CLANG_WARN_OBJC_ROOT_CLASS = YES_ERROR;
				CLANG_WARN_QUOTED_INCLUDE_IN_FRAMEWORK_HEADER = YES;
				CLANG_WARN_RANGE_LOOP_ANALYSIS = YES;
				CLANG_WARN_STRICT_PROTOTYPES = YES;
				CLANG_WARN_SUSPICIOUS_MOVE = YES;
				CLANG_WARN_UNGUARDED_AVAILABILITY = YES_AGGRESSIVE;
				CLANG_WARN_UNREACHABLE_CODE = YES;
				CLANG_WARN__DUPLICATE_METHOD_MATCH = YES;
				COPY_PHASE_STRIP = NO;
				DEBUG_INFORMATION_FORMAT = dwarf;
				ENABLE_STRICT_OBJC_MSGSEND = YES;
				ENABLE_TESTABILITY = YES;
				GCC_C_LANGUAGE_STANDARD = gnu11;
				GCC_DYNAMIC_NO_PIC = NO;
				GCC_NO_COMMON_BLOCKS = YES;
				GCC_OPTIMIZATION_LEVEL = 0;
				GCC_PREPROCESSOR_DEFINITIONS = (
					"DEBUG=1",
					"$(inherited)",
				);
				GCC_WARN_64_TO_32_BIT_CONVERSION = YES;
				GCC_WARN_ABOUT_RETURN_TYPE = YES_ERROR;
				GCC_WARN_UNDECLARED_SELECTOR = YES;
				GCC_WARN_UNINITIALIZED_AUTOS = YES_AGGRESSIVE;
				GCC_WARN_UNUSED_FUNCTION = YES;
				GCC_WARN_UNUSED_VARIABLE = YES;
				IPHONEOS_DEPLOYMENT_TARGET = 15.4;
				MTL_ENABLE_DEBUG_INFO = INCLUDE_SOURCE;
				MTL_FAST_MATH = YES;
				ONLY_ACTIVE_ARCH = YES;
				SDKROOT = iphoneos;
				SWIFT_ACTIVE_COMPILATION_CONDITIONS = DEBUG;
				SWIFT_OPTIMIZATION_LEVEL = "-Onone";
			};
			name = Debug;
		};
		7B082E1C28E965C2002C0F45 /* Release */ = {
			isa = XCBuildConfiguration;
			buildSettings = {
				ALWAYS_SEARCH_USER_PATHS = NO;
				CLANG_ANALYZER_NONNULL = YES;
				CLANG_ANALYZER_NUMBER_OBJECT_CONVERSION = YES_AGGRESSIVE;
				CLANG_CXX_LANGUAGE_STANDARD = "gnu++17";
				CLANG_ENABLE_MODULES = YES;
				CLANG_ENABLE_OBJC_ARC = YES;
				CLANG_ENABLE_OBJC_WEAK = YES;
				CLANG_WARN_BLOCK_CAPTURE_AUTORELEASING = YES;
				CLANG_WARN_BOOL_CONVERSION = YES;
				CLANG_WARN_COMMA = YES;
				CLANG_WARN_CONSTANT_CONVERSION = YES;
				CLANG_WARN_DEPRECATED_OBJC_IMPLEMENTATIONS = YES;
				CLANG_WARN_DIRECT_OBJC_ISA_USAGE = YES_ERROR;
				CLANG_WARN_DOCUMENTATION_COMMENTS = YES;
				CLANG_WARN_EMPTY_BODY = YES;
				CLANG_WARN_ENUM_CONVERSION = YES;
				CLANG_WARN_INFINITE_RECURSION = YES;
				CLANG_WARN_INT_CONVERSION = YES;
				CLANG_WARN_NON_LITERAL_NULL_CONVERSION = YES;
				CLANG_WARN_OBJC_IMPLICIT_RETAIN_SELF = YES;
				CLANG_WARN_OBJC_LITERAL_CONVERSION = YES;
				CLANG_WARN_OBJC_ROOT_CLASS = YES_ERROR;
				CLANG_WARN_QUOTED_INCLUDE_IN_FRAMEWORK_HEADER = YES;
				CLANG_WARN_RANGE_LOOP_ANALYSIS = YES;
				CLANG_WARN_STRICT_PROTOTYPES = YES;
				CLANG_WARN_SUSPICIOUS_MOVE = YES;
				CLANG_WARN_UNGUARDED_AVAILABILITY = YES_AGGRESSIVE;
				CLANG_WARN_UNREACHABLE_CODE = YES;
				CLANG_WARN__DUPLICATE_METHOD_MATCH = YES;
				COPY_PHASE_STRIP = NO;
				DEBUG_INFORMATION_FORMAT = "dwarf-with-dsym";
				ENABLE_NS_ASSERTIONS = NO;
				ENABLE_STRICT_OBJC_MSGSEND = YES;
				GCC_C_LANGUAGE_STANDARD = gnu11;
				GCC_NO_COMMON_BLOCKS = YES;
				GCC_WARN_64_TO_32_BIT_CONVERSION = YES;
				GCC_WARN_ABOUT_RETURN_TYPE = YES_ERROR;
				GCC_WARN_UNDECLARED_SELECTOR = YES;
				GCC_WARN_UNINITIALIZED_AUTOS = YES_AGGRESSIVE;
				GCC_WARN_UNUSED_FUNCTION = YES;
				GCC_WARN_UNUSED_VARIABLE = YES;
				IPHONEOS_DEPLOYMENT_TARGET = 15.4;
				MTL_ENABLE_DEBUG_INFO = NO;
				MTL_FAST_MATH = YES;
				SDKROOT = iphoneos;
				SWIFT_COMPILATION_MODE = wholemodule;
				SWIFT_OPTIMIZATION_LEVEL = "-O";
				VALIDATE_PRODUCT = YES;
			};
			name = Release;
		};
		7B082E1E28E965C2002C0F45 /* Debug */ = {
			isa = XCBuildConfiguration;
			buildSettings = {
				ASSETCATALOG_COMPILER_APPICON_NAME = AppIcon;
				ASSETCATALOG_COMPILER_GLOBAL_ACCENT_COLOR_NAME = AccentColor;
				CODE_SIGN_STYLE = Automatic;
				CURRENT_PROJECT_VERSION = 1;
				DEVELOPMENT_TEAM = KBPH295XX9;
				GENERATE_INFOPLIST_FILE = YES;
				INFOPLIST_FILE = IKEA/Info.plist;
				INFOPLIST_KEY_UIApplicationSupportsIndirectInputEvents = YES;
				INFOPLIST_KEY_UILaunchStoryboardName = LaunchScreen;
				INFOPLIST_KEY_UISupportedInterfaceOrientations_iPad = "UIInterfaceOrientationPortrait UIInterfaceOrientationPortraitUpsideDown UIInterfaceOrientationLandscapeLeft UIInterfaceOrientationLandscapeRight";
				INFOPLIST_KEY_UISupportedInterfaceOrientations_iPhone = "UIInterfaceOrientationPortrait UIInterfaceOrientationLandscapeLeft UIInterfaceOrientationLandscapeRight";
				LD_RUNPATH_SEARCH_PATHS = (
					"$(inherited)",
					"@executable_path/Frameworks",
				);
				MARKETING_VERSION = 1.0;
				PRODUCT_BUNDLE_IDENTIFIER = com.ahyeonYu.IKEA;
				PRODUCT_NAME = "$(TARGET_NAME)";
				SWIFT_EMIT_LOC_STRINGS = YES;
				SWIFT_VERSION = 5.0;
				TARGETED_DEVICE_FAMILY = "1,2";
			};
			name = Debug;
		};
		7B082E1F28E965C2002C0F45 /* Release */ = {
			isa = XCBuildConfiguration;
			buildSettings = {
				ASSETCATALOG_COMPILER_APPICON_NAME = AppIcon;
				ASSETCATALOG_COMPILER_GLOBAL_ACCENT_COLOR_NAME = AccentColor;
				CODE_SIGN_STYLE = Automatic;
				CURRENT_PROJECT_VERSION = 1;
				DEVELOPMENT_TEAM = KBPH295XX9;
				GENERATE_INFOPLIST_FILE = YES;
				INFOPLIST_FILE = IKEA/Info.plist;
				INFOPLIST_KEY_UIApplicationSupportsIndirectInputEvents = YES;
				INFOPLIST_KEY_UILaunchStoryboardName = LaunchScreen;
				INFOPLIST_KEY_UISupportedInterfaceOrientations_iPad = "UIInterfaceOrientationPortrait UIInterfaceOrientationPortraitUpsideDown UIInterfaceOrientationLandscapeLeft UIInterfaceOrientationLandscapeRight";
				INFOPLIST_KEY_UISupportedInterfaceOrientations_iPhone = "UIInterfaceOrientationPortrait UIInterfaceOrientationLandscapeLeft UIInterfaceOrientationLandscapeRight";
				LD_RUNPATH_SEARCH_PATHS = (
					"$(inherited)",
					"@executable_path/Frameworks",
				);
				MARKETING_VERSION = 1.0;
				PRODUCT_BUNDLE_IDENTIFIER = com.ahyeonYu.IKEA;
				PRODUCT_NAME = "$(TARGET_NAME)";
				SWIFT_EMIT_LOC_STRINGS = YES;
				SWIFT_VERSION = 5.0;
				TARGETED_DEVICE_FAMILY = "1,2";
			};
			name = Release;
		};
		7B082E2128E965C2002C0F45 /* Debug */ = {
			isa = XCBuildConfiguration;
			buildSettings = {
				ALWAYS_EMBED_SWIFT_STANDARD_LIBRARIES = YES;
				BUNDLE_LOADER = "$(TEST_HOST)";
				CODE_SIGN_STYLE = Automatic;
				CURRENT_PROJECT_VERSION = 1;
				DEVELOPMENT_TEAM = KBPH295XX9;
				GENERATE_INFOPLIST_FILE = YES;
				IPHONEOS_DEPLOYMENT_TARGET = 15.4;
				MARKETING_VERSION = 1.0;
				PRODUCT_BUNDLE_IDENTIFIER = com.ahyeonYu.IKEATests;
				PRODUCT_NAME = "$(TARGET_NAME)";
				SWIFT_EMIT_LOC_STRINGS = NO;
				SWIFT_VERSION = 5.0;
				TARGETED_DEVICE_FAMILY = "1,2";
				TEST_HOST = "$(BUILT_PRODUCTS_DIR)/IKEA.app/IKEA";
			};
			name = Debug;
		};
		7B082E2228E965C2002C0F45 /* Release */ = {
			isa = XCBuildConfiguration;
			buildSettings = {
				ALWAYS_EMBED_SWIFT_STANDARD_LIBRARIES = YES;
				BUNDLE_LOADER = "$(TEST_HOST)";
				CODE_SIGN_STYLE = Automatic;
				CURRENT_PROJECT_VERSION = 1;
				DEVELOPMENT_TEAM = KBPH295XX9;
				GENERATE_INFOPLIST_FILE = YES;
				IPHONEOS_DEPLOYMENT_TARGET = 15.4;
				MARKETING_VERSION = 1.0;
				PRODUCT_BUNDLE_IDENTIFIER = com.ahyeonYu.IKEATests;
				PRODUCT_NAME = "$(TARGET_NAME)";
				SWIFT_EMIT_LOC_STRINGS = NO;
				SWIFT_VERSION = 5.0;
				TARGETED_DEVICE_FAMILY = "1,2";
				TEST_HOST = "$(BUILT_PRODUCTS_DIR)/IKEA.app/IKEA";
			};
			name = Release;
		};
		7B082E2428E965C2002C0F45 /* Debug */ = {
			isa = XCBuildConfiguration;
			buildSettings = {
				ALWAYS_EMBED_SWIFT_STANDARD_LIBRARIES = YES;
				CODE_SIGN_STYLE = Automatic;
				CURRENT_PROJECT_VERSION = 1;
				DEVELOPMENT_TEAM = KBPH295XX9;
				GENERATE_INFOPLIST_FILE = YES;
				MARKETING_VERSION = 1.0;
				PRODUCT_BUNDLE_IDENTIFIER = com.ahyeonYu.IKEAUITests;
				PRODUCT_NAME = "$(TARGET_NAME)";
				SWIFT_EMIT_LOC_STRINGS = NO;
				SWIFT_VERSION = 5.0;
				TARGETED_DEVICE_FAMILY = "1,2";
				TEST_TARGET_NAME = IKEA;
			};
			name = Debug;
		};
		7B082E2528E965C2002C0F45 /* Release */ = {
			isa = XCBuildConfiguration;
			buildSettings = {
				ALWAYS_EMBED_SWIFT_STANDARD_LIBRARIES = YES;
				CODE_SIGN_STYLE = Automatic;
				CURRENT_PROJECT_VERSION = 1;
				DEVELOPMENT_TEAM = KBPH295XX9;
				GENERATE_INFOPLIST_FILE = YES;
				MARKETING_VERSION = 1.0;
				PRODUCT_BUNDLE_IDENTIFIER = com.ahyeonYu.IKEAUITests;
				PRODUCT_NAME = "$(TARGET_NAME)";
				SWIFT_EMIT_LOC_STRINGS = NO;
				SWIFT_VERSION = 5.0;
				TARGETED_DEVICE_FAMILY = "1,2";
				TEST_TARGET_NAME = IKEA;
			};
			name = Release;
		};
/* End XCBuildConfiguration section */

/* Begin XCConfigurationList section */
		7B082DEE28E965C1002C0F45 /* Build configuration list for PBXProject "IKEA" */ = {
			isa = XCConfigurationList;
			buildConfigurations = (
				7B082E1B28E965C2002C0F45 /* Debug */,
				7B082E1C28E965C2002C0F45 /* Release */,
			);
			defaultConfigurationIsVisible = 0;
			defaultConfigurationName = Release;
		};
		7B082E1D28E965C2002C0F45 /* Build configuration list for PBXNativeTarget "IKEA" */ = {
			isa = XCConfigurationList;
			buildConfigurations = (
				7B082E1E28E965C2002C0F45 /* Debug */,
				7B082E1F28E965C2002C0F45 /* Release */,
			);
			defaultConfigurationIsVisible = 0;
			defaultConfigurationName = Release;
		};
		7B082E2028E965C2002C0F45 /* Build configuration list for PBXNativeTarget "IKEATests" */ = {
			isa = XCConfigurationList;
			buildConfigurations = (
				7B082E2128E965C2002C0F45 /* Debug */,
				7B082E2228E965C2002C0F45 /* Release */,
			);
			defaultConfigurationIsVisible = 0;
			defaultConfigurationName = Release;
		};
		7B082E2328E965C2002C0F45 /* Build configuration list for PBXNativeTarget "IKEAUITests" */ = {
			isa = XCConfigurationList;
			buildConfigurations = (
				7B082E2428E965C2002C0F45 /* Debug */,
				7B082E2528E965C2002C0F45 /* Release */,
			);
			defaultConfigurationIsVisible = 0;
			defaultConfigurationName = Release;
		};
/* End XCConfigurationList section */
	};
	rootObject = 7B082DEB28E965C1002C0F45 /* Project object */;
}
